
Microsoft Visual Studio Solution File, Format Version 12.00
# Visual Studio Version 17
VisualStudioVersion = 17.11.35219.272
MinimumVisualStudioVersion = 10.0.40219.1
Project("{FAE04EC0-301F-11D3-BF4B-00C04F79EFBC}") = "MusicPlayer", "MusicPlayer\MusicPlayer.csproj", "{B003D6D8-D99B-427D-85D9-5B3097158544}"
EndProject
Global
	GlobalSection(SolutionConfigurationPlatforms) = preSolution
		Debug|Any CPU = Debug|Any CPU
		Release|Any CPU = Release|Any CPU
	EndGlobalSection
	GlobalSection(ProjectConfigurationPlatforms) = postSolution
		{B003D6D8-D99B-427D-85D9-5B3097158544}.Debug|Any CPU.ActiveCfg = Debug|Any CPU
		{B003D6D8-D99B-427D-85D9-5B3097158544}.Debug|Any CPU.Build.0 = Debug|Any CPU
		{B003D6D8-D99B-427D-85D9-5B3097158544}.Release|Any CPU.ActiveCfg = Release|Any CPU
		{B003D6D8-D99B-427D-85D9-5B3097158544}.Release|Any CPU.Build.0 = Release|Any CPU
	EndGlobalSection
	GlobalSection(SolutionProperties) = preSolution
		HideSolutionNode = FALSE
	EndGlobalSection
	GlobalSection(ExtensibilityGlobals) = postSolution
		SolutionGuid = {882B64DC-E3F5-4A0D-9648-B59C2AE10C16}
	EndGlobalSection
EndGlobal
